{
  "lockfileVersion": 2,
  "configVersion": 1,
  "workspaces": {
    "": {
      "name": "codex-web-http",
      "dependencies": {
        "playwright-core": "1.62.0",
      },
    },
  },
  "packages": {
    "playwright-core": ["playwright-core@1.62.0", "", { "bin": { "playwright-core": "cli.js" } }, "sha512-nsNRyq0r2zsG8AcRHWknc9QRA5XCueC7gWMrs+Gx2tlZn9hcl8zudfh00lhJPY1DE7NmZ6bDsT9g2yey8mXljA=="],
  }
}
